
Microsoft Visual Studio Solution File, Format Version 12.00
# Visual Studio Version 16
VisualStudioVersion = 16.0.30717.126
MinimumVisualStudioVersion = 10.0.40219.1
Project("{FAE04EC0-301F-11D3-BF4B-00C04F79EFBC}") = "NorthwindServer", "NorthwindServer\NorthwindServer.csproj", "{4E1D2F47-7AE4-4746-A5F0-18E20DA1E38C}"
EndProject
Project("{FAE04EC0-301F-11D3-BF4B-00C04F79EFBC}") = "NorthwindModel", "NorthwindModel\NorthwindModel.csproj", "{F88803AE-0CBE-4BFB-9221-8D483B7D6F7C}"
EndProject
Global
	GlobalSection(SolutionConfigurationPlatforms) = preSolution
		Debug|Any CPU = Debug|Any CPU
		Release|Any CPU = Release|Any CPU
	EndGlobalSection
	GlobalSection(ProjectConfigurationPlatforms) = postSolution
		{4E1D2F47-7AE4-4746-A5F0-18E20DA1E38C}.Debug|Any CPU.ActiveCfg = Debug|Any CPU
		{4E1D2F47-7AE4-4746-A5F0-18E20DA1E38C}.Debug|Any CPU.Build.0 = Debug|Any CPU
		{4E1D2F47-7AE4-4746-A5F0-18E20DA1E38C}.Release|Any CPU.ActiveCfg = Release|Any CPU
		{4E1D2F47-7AE4-4746-A5F0-18E20DA1E38C}.Release|Any CPU.Build.0 = Release|Any CPU
		{F88803AE-0CBE-4BFB-9221-8D483B7D6F7C}.Debug|Any CPU.ActiveCfg = Debug|Any CPU
		{F88803AE-0CBE-4BFB-9221-8D483B7D6F7C}.Debug|Any CPU.Build.0 = Debug|Any CPU
		{F88803AE-0CBE-4BFB-9221-8D483B7D6F7C}.Release|Any CPU.ActiveCfg = Release|Any CPU
		{F88803AE-0CBE-4BFB-9221-8D483B7D6F7C}.Release|Any CPU.Build.0 = Release|Any CPU
	EndGlobalSection
	GlobalSection(SolutionProperties) = preSolution
		HideSolutionNode = FALSE
	EndGlobalSection
	GlobalSection(ExtensibilityGlobals) = postSolution
		SolutionGuid = {76075B9E-924B-46E8-9F23-84B7B67C2F55}
	EndGlobalSection
EndGlobal
